
Microsoft Visual Studio Solution File, Format Version 12.00
# Visual Studio Version 16
VisualStudioVersion = 16.0.29519.87
MinimumVisualStudioVersion = 10.0.40219.1
Project("{FAE04EC0-301F-11D3-BF4B-00C04F79EFBC}") = "Shopping Cart", "Shopping Cart.csproj", "{CAC9BC57-F46E-4F00-9262-3CC825B66952}"
EndProject
Global
	GlobalSection(SolutionConfigurationPlatforms) = preSolution
		Debug|Any CPU = Debug|Any CPU
		Release|Any CPU = Release|Any CPU
	EndGlobalSection
	GlobalSection(ProjectConfigurationPlatforms) = postSolution
		{CAC9BC57-F46E-4F00-9262-3CC825B66952}.Debug|Any CPU.ActiveCfg = Debug|Any CPU
		{CAC9BC57-F46E-4F00-9262-3CC825B66952}.Debug|Any CPU.Build.0 = Debug|Any CPU
		{CAC9BC57-F46E-4F00-9262-3CC825B66952}.Release|Any CPU.ActiveCfg = Release|Any CPU
		{CAC9BC57-F46E-4F00-9262-3CC825B66952}.Release|Any CPU.Build.0 = Release|Any CPU
	EndGlobalSection
	GlobalSection(SolutionProperties) = preSolution
		HideSolutionNode = FALSE
	EndGlobalSection
	GlobalSection(ExtensibilityGlobals) = postSolution
		SolutionGuid = {618B6890-48D2-4162-9CD2-BB221E82E95B}
	EndGlobalSection
EndGlobal
